
Microsoft Visual Studio Solution File, Format Version 12.00
# Visual Studio Version 17
VisualStudioVersion = 17.14.36327.8 d17.14
MinimumVisualStudioVersion = 10.0.40219.1
Project("{FAE04EC0-301F-11D3-BF4B-00C04F79EFBC}") = "InspectorTextBox", "InspectorTextBox\InspectorTextBox.csproj", "{E4E556C3-B40F-4E2D-BAD3-719CED67B18A}"
EndProject
Project("{FAE04EC0-301F-11D3-BF4B-00C04F79EFBC}") = "InspectorTextBox.Example", "InspectorTextBox.Example\InspectorTextBox.Example.csproj", "{12FAB871-E1F4-463E-9EF1-2D1FF7D98F00}"
EndProject
Global
	GlobalSection(SolutionConfigurationPlatforms) = preSolution
		Debug|Any CPU = Debug|Any CPU
		Release|Any CPU = Release|Any CPU
	EndGlobalSection
	GlobalSection(ProjectConfigurationPlatforms) = postSolution
		{E4E556C3-B40F-4E2D-BAD3-719CED67B18A}.Debug|Any CPU.ActiveCfg = Debug|Any CPU
		{E4E556C3-B40F-4E2D-BAD3-719CED67B18A}.Debug|Any CPU.Build.0 = Debug|Any CPU
		{E4E556C3-B40F-4E2D-BAD3-719CED67B18A}.Release|Any CPU.ActiveCfg = Release|Any CPU
		{E4E556C3-B40F-4E2D-BAD3-719CED67B18A}.Release|Any CPU.Build.0 = Release|Any CPU
		{12FAB871-E1F4-463E-9EF1-2D1FF7D98F00}.Debug|Any CPU.ActiveCfg = Debug|Any CPU
		{12FAB871-E1F4-463E-9EF1-2D1FF7D98F00}.Debug|Any CPU.Build.0 = Debug|Any CPU
		{12FAB871-E1F4-463E-9EF1-2D1FF7D98F00}.Release|Any CPU.ActiveCfg = Release|Any CPU
		{12FAB871-E1F4-463E-9EF1-2D1FF7D98F00}.Release|Any CPU.Build.0 = Release|Any CPU
	EndGlobalSection
	GlobalSection(SolutionProperties) = preSolution
		HideSolutionNode = FALSE
	EndGlobalSection
	GlobalSection(ExtensibilityGlobals) = postSolution
		SolutionGuid = {88CCFBF1-154F-47CA-A805-DF13B55CE9D7}
	EndGlobalSection
EndGlobal
